
Microsoft Visual Studio Solution File, Format Version 12.00
# Visual Studio Version 16
VisualStudioVersion = 16.0.31911.196
MinimumVisualStudioVersion = 10.0.40219.1
Project("{FAE04EC0-301F-11D3-BF4B-00C04F79EFBC}") = "CaloryCalculator", "CaloryCalculator.csproj", "{BC98E3E0-1639-4794-A6B3-34111B9DB382}"
EndProject
Global
	GlobalSection(SolutionConfigurationPlatforms) = preSolution
		Debug|Any CPU = Debug|Any CPU
		Release|Any CPU = Release|Any CPU
	EndGlobalSection
	GlobalSection(ProjectConfigurationPlatforms) = postSolution
		{BC98E3E0-1639-4794-A6B3-34111B9DB382}.Debug|Any CPU.ActiveCfg = Debug|Any CPU
		{BC98E3E0-1639-4794-A6B3-34111B9DB382}.Debug|Any CPU.Build.0 = Debug|Any CPU
		{BC98E3E0-1639-4794-A6B3-34111B9DB382}.Release|Any CPU.ActiveCfg = Release|Any CPU
		{BC98E3E0-1639-4794-A6B3-34111B9DB382}.Release|Any CPU.Build.0 = Release|Any CPU
	EndGlobalSection
	GlobalSection(SolutionProperties) = preSolution
		HideSolutionNode = FALSE
	EndGlobalSection
	GlobalSection(ExtensibilityGlobals) = postSolution
		SolutionGuid = {6F226FAE-3BDB-4431-AA8F-1D00E2258F47}
	EndGlobalSection
EndGlobal
